{
  "name": "eslint-plugin-chain",
  "version": "1.0.0",
  "lockfileVersion": 1,
  "requires": true,
  "dependencies": {
    "console-grid": {
      "version": "1.0.16",
      "resolved": "https://registry.npmjs.org/console-grid/-/console-grid-1.0.16.tgz",
      "integrity": "sha512-1W+KHJ3aqqwT5OwKme1OEc/3cYJCR3rc23gn47Lml2ZRpF6I2ozs12LkqsDFfAZ7ErcGllUWC5aZnJ7zeU9LtA=="
    },
    "flatdep": {
      "version": "1.1.2",
      "resolved": "https://registry.npmjs.org/flatdep/-/flatdep-1.1.2.tgz",
      "integrity": "sha512-FSDjfmrf/PHn2r1bSk4/hkNd4R7cng2mE6BU+XTHDpHXdR0SW9npU+aZGVpGFb8buqbjCoO3imgzv6+jcFRswg==",
      "requires": {
        "console-grid": "^1.0.16"
      }
    }
  }
}
